
Microsoft Visual Studio Solution File, Format Version 12.00
# Visual Studio 14
VisualStudioVersion = 14.0.25420.1
MinimumVisualStudioVersion = 10.0.40219.1
Project("{FAE04EC0-301F-11D3-BF4B-00C04F79EFBC}") = "IPG203_Wharehouse", "IPG203_Wharehouse\IPG203_Wharehouse.csproj", "{B6201736-EF9C-487B-B495-2EEB502EE49C}"
EndProject
Global
	GlobalSection(SolutionConfigurationPlatforms) = preSolution
		Debug|Any CPU = Debug|Any CPU
		Release|Any CPU = Release|Any CPU
	EndGlobalSection
	GlobalSection(ProjectConfigurationPlatforms) = postSolution
		{B6201736-EF9C-487B-B495-2EEB502EE49C}.Debug|Any CPU.ActiveCfg = Debug|Any CPU
		{B6201736-EF9C-487B-B495-2EEB502EE49C}.Debug|Any CPU.Build.0 = Debug|Any CPU
		{B6201736-EF9C-487B-B495-2EEB502EE49C}.Release|Any CPU.ActiveCfg = Release|Any CPU
		{B6201736-EF9C-487B-B495-2EEB502EE49C}.Release|Any CPU.Build.0 = Release|Any CPU
	EndGlobalSection
	GlobalSection(SolutionProperties) = preSolution
		HideSolutionNode = FALSE
	EndGlobalSection
EndGlobal
